// !$*UTF8*$!
{
	archiveVersion = 1;
	classes = {
	};
	objectVersion = 50;
	objects = {

/* Begin PBXBuildFile section */
		CE252ADB23055FDE002DA851 /* common.cpp in Sources */ = {isa = PBXBuildFile; fileRef = CE2DADE522F7D1C60037AA55 /* common.cpp */; };
		CE2689D522FD31440020C532 /* glad.c in Sources */ = {isa = PBXBuildFile; fileRef = CE2689D422FD31440020C532 /* glad.c */; };
		CE2689D622FD33B10020C532 /* hockey.cpp in Sources */ = {isa = PBXBuildFile; fileRef = CE2DAE0422F7D6A00037AA55 /* hockey.cpp */; };
		CE2DADD122F7CEAF0037AA55 /* main.cpp in Sources */ = {isa = PBXBuildFile; fileRef = CE2DADD022F7CEAF0037AA55 /* main.cpp */; };
		CE2DADDE22F7D1010037AA55 /* libglfw.3.3.dylib in Frameworks */ = {isa = PBXBuildFile; fileRef = CE2DADDC22F7D1010037AA55 /* libglfw.3.3.dylib */; };
/* End PBXBuildFile section */

/* Begin PBXCopyFilesBuildPhase section */
		CE2DADCB22F7CEAF0037AA55 /* CopyFiles */ = {
			isa = PBXCopyFilesBuildPhase;
			buildActionMask = 2147483647;
			dstPath = /usr/share/man/man1/;
			dstSubfolderSpec = 0;
			files = (
			);
			runOnlyForDeploymentPostprocessing = 1;
		};
/* End PBXCopyFilesBuildPhase section */

/* Begin PBXFileReference section */
		CE252AD923055CFD002DA851 /* Constants.h */ = {isa = PBXFileReference; lastKnownFileType = sourcecode.c.h; name = Constants.h; path = icehockey/shared/Constants.h; sourceTree = SOURCE_ROOT; };
		CE26899522FA63BB0020C532 /* giantFile.js */ = {isa = PBXFileReference; fileEncoding = 4; lastKnownFileType = sourcecode.javascript; name = giantFile.js; path = icehockey/scripts/giantFile.js; sourceTree = SOURCE_ROOT; };
		CE26899622FA63BB0020C532 /* reader.js */ = {isa = PBXFileReference; fileEncoding = 4; lastKnownFileType = sourcecode.javascript; name = reader.js; path = icehockey/scripts/reader.js; sourceTree = SOURCE_ROOT; };
		CE26899722FA63BB0020C532 /* smaller.js */ = {isa = PBXFileReference; fileEncoding = 4; lastKnownFileType = sourcecode.javascript; name = smaller.js; path = icehockey/scripts/smaller.js; sourceTree = SOURCE_ROOT; };
		CE26899822FA63BB0020C532 /* movements.dat */ = {isa = PBXFileReference; fileEncoding = 4; lastKnownFileType = text; name = movements.dat; path = icehockey/scripts/movements.dat; sourceTree = SOURCE_ROOT; };
		CE26899922FB734F0020C532 /* timeline.json */ = {isa = PBXFileReference; fileEncoding = 4; lastKnownFileType = text.json; name = timeline.json; path = icehockey/scripts/timeline.json; sourceTree = SOURCE_ROOT; };
		CE2689CE22FD2C7F0020C532 /* arial.ttf */ = {isa = PBXFileReference; lastKnownFileType = file; path = arial.ttf; sourceTree = "<group>"; };
		CE2689CF22FD2EAA0020C532 /* rink.vs */ = {isa = PBXFileReference; fileEncoding = 4; lastKnownFileType = sourcecode.glsl; name = rink.vs; path = icehockey/shaders/rink.vs; sourceTree = SOURCE_ROOT; };
		CE2689D022FD2EAA0020C532 /* text.vs */ = {isa = PBXFileReference; fileEncoding = 4; lastKnownFileType = sourcecode.glsl; name = text.vs; path = icehockey/shaders/text.vs; sourceTree = SOURCE_ROOT; };
		CE2689D122FD2EAA0020C532 /* circle.fs */ = {isa = PBXFileReference; fileEncoding = 4; lastKnownFileType = sourcecode.glsl; name = circle.fs; path = icehockey/shaders/circle.fs; sourceTree = SOURCE_ROOT; };
		CE2689D222FD2EAA0020C532 /* rink.fs */ = {isa = PBXFileReference; fileEncoding = 4; lastKnownFileType = sourcecode.glsl; name = rink.fs; path = icehockey/shaders/rink.fs; sourceTree = SOURCE_ROOT; };
		CE2689D322FD2EAA0020C532 /* text.fs */ = {isa = PBXFileReference; fileEncoding = 4; lastKnownFileType = sourcecode.glsl; name = text.fs; path = icehockey/shaders/text.fs; sourceTree = SOURCE_ROOT; };
		CE2689D422FD31440020C532 /* glad.c */ = {isa = PBXFileReference; fileEncoding = 4; lastKnownFileType = sourcecode.c.c; path = glad.c; sourceTree = "<group>"; };
		CE2DADCD22F7CEAF0037AA55 /* icehockey */ = {isa = PBXFileReference; explicitFileType = "compiled.mach-o.executable"; includeInIndex = 0; path = icehockey; sourceTree = BUILT_PRODUCTS_DIR; };
		CE2DADD022F7CEAF0037AA55 /* main.cpp */ = {isa = PBXFileReference; lastKnownFileType = sourcecode.cpp.cpp; path = main.cpp; sourceTree = "<group>"; };
		CE2DADDA22F7D0E60037AA55 /* OpenGL.framework */ = {isa = PBXFileReference; lastKnownFileType = wrapper.framework; name = OpenGL.framework; path = System/Library/Frameworks/OpenGL.framework; sourceTree = SDKROOT; };
		CE2DADDC22F7D1010037AA55 /* libglfw.3.3.dylib */ = {isa = PBXFileReference; lastKnownFileType = "compiled.mach-o.dylib"; name = libglfw.3.3.dylib; path = ../../../../../../usr/local/lib/libglfw.3.3.dylib; sourceTree = "<group>"; };
		CE2DADDD22F7D1010037AA55 /* libGLEW.2.1.0.dylib */ = {isa = PBXFileReference; lastKnownFileType = "compiled.mach-o.dylib"; name = libGLEW.2.1.0.dylib; path = ../../../../../../usr/local/lib/libGLEW.2.1.0.dylib; sourceTree = "<group>"; };
		CE2DADE222F7D1C60037AA55 /* shader_s.h */ = {isa = PBXFileReference; fileEncoding = 4; lastKnownFileType = sourcecode.c.h; name = shader_s.h; path = icehockey/shared/shader_s.h; sourceTree = SOURCE_ROOT; };
		CE2DADE322F7D1C60037AA55 /* common.hpp */ = {isa = PBXFileReference; fileEncoding = 4; lastKnownFileType = sourcecode.cpp.h; name = common.hpp; path = icehockey/shared/common.hpp; sourceTree = SOURCE_ROOT; };
		CE2DADE422F7D1C60037AA55 /* Camera.h */ = {isa = PBXFileReference; fileEncoding = 4; lastKnownFileType = sourcecode.c.h; name = Camera.h; path = icehockey/shared/Camera.h; sourceTree = SOURCE_ROOT; };
		CE2DADE522F7D1C60037AA55 /* common.cpp */ = {isa = PBXFileReference; fileEncoding = 4; lastKnownFileType = sourcecode.cpp.cpp; name = common.cpp; path = icehockey/shared/common.cpp; sourceTree = SOURCE_ROOT; };
		CE2DADE622F7D1C60037AA55 /* stb_image.h */ = {isa = PBXFileReference; fileEncoding = 4; lastKnownFileType = sourcecode.c.h; name = stb_image.h; path = icehockey/shared/stb_image.h; sourceTree = SOURCE_ROOT; };
		CE2DADFD22F7D69F0037AA55 /* plain-wallpaper.jpg */ = {isa = PBXFileReference; lastKnownFileType = image.jpeg; name = "plain-wallpaper.jpg"; path = "icehockey/icemonkey/plain-wallpaper.jpg"; sourceTree = SOURCE_ROOT; };
		CE2DADFF22F7D69F0037AA55 /* home.jpg */ = {isa = PBXFileReference; lastKnownFileType = image.jpeg; name = home.jpg; path = icehockey/icemonkey/home.jpg; sourceTree = SOURCE_ROOT; };
		CE2DAE0022F7D69F0037AA55 /* linha.jpg */ = {isa = PBXFileReference; lastKnownFileType = image.jpeg; name = linha.jpg; path = icehockey/icemonkey/linha.jpg; sourceTree = SOURCE_ROOT; };
		CE2DAE0122F7D69F0037AA55 /* away.jpg */ = {isa = PBXFileReference; lastKnownFileType = image.jpeg; name = away.jpg; path = icehockey/icemonkey/away.jpg; sourceTree = SOURCE_ROOT; };
		CE2DAE0222F7D69F0037AA55 /* hockey.hpp */ = {isa = PBXFileReference; fileEncoding = 4; lastKnownFileType = sourcecode.cpp.h; name = hockey.hpp; path = icehockey/icemonkey/hockey.hpp; sourceTree = SOURCE_ROOT; };
		CE2DAE0422F7D6A00037AA55 /* hockey.cpp */ = {isa = PBXFileReference; fileEncoding = 4; lastKnownFileType = sourcecode.cpp.cpp; name = hockey.cpp; path = icehockey/icemonkey/hockey.cpp; sourceTree = SOURCE_ROOT; };
		CE2DAE0522F7D6A00037AA55 /* Reada.h */ = {isa = PBXFileReference; fileEncoding = 4; lastKnownFileType = sourcecode.c.h; name = Reada.h; path = icehockey/icemonkey/Reada.h; sourceTree = SOURCE_ROOT; };
		CE2DAE0722F7D6A00037AA55 /* tiena.jpg */ = {isa = PBXFileReference; lastKnownFileType = image.jpeg; name = tiena.jpg; path = icehockey/icemonkey/tiena.jpg; sourceTree = SOURCE_ROOT; };
		CE2DAE0822F7D6A00037AA55 /* Playa.hpp */ = {isa = PBXFileReference; fileEncoding = 4; lastKnownFileType = sourcecode.cpp.h; name = Playa.hpp; path = icehockey/icemonkey/Playa.hpp; sourceTree = SOURCE_ROOT; };
		CE2DAE0B22F7D6A00037AA55 /* rink.png */ = {isa = PBXFileReference; lastKnownFileType = image.png; name = rink.png; path = icehockey/icemonkey/rink.png; sourceTree = SOURCE_ROOT; };
/* End PBXFileReference section */

/* Begin PBXFrameworksBuildPhase section */
		CE2DADCA22F7CEAF0037AA55 /* Frameworks */ = {
			isa = PBXFrameworksBuildPhase;
			buildActionMask = 2147483647;
			files = (
				CE2DADDE22F7D1010037AA55 /* libglfw.3.3.dylib in Frameworks */,
			);
			runOnlyForDeploymentPostprocessing = 0;
		};
/* End PBXFrameworksBuildPhase section */

/* Begin PBXGroup section */
		CE26899422FA637D0020C532 /* scripts */ = {
			isa = PBXGroup;
			children = (
				CE26899922FB734F0020C532 /* timeline.json */,
				CE26899522FA63BB0020C532 /* giantFile.js */,
				CE26899822FA63BB0020C532 /* movements.dat */,
				CE26899622FA63BB0020C532 /* reader.js */,
				CE26899722FA63BB0020C532 /* smaller.js */,
			);
			path = scripts;
			sourceTree = "<group>";
		};
		CE2689CA22FD2BDE0020C532 /* shaders */ = {
			isa = PBXGroup;
			children = (
				CE2689D122FD2EAA0020C532 /* circle.fs */,
				CE2689D222FD2EAA0020C532 /* rink.fs */,
				CE2689CF22FD2EAA0020C532 /* rink.vs */,
				CE2689D322FD2EAA0020C532 /* text.fs */,
				CE2689D022FD2EAA0020C532 /* text.vs */,
			);
			path = shaders;
			sourceTree = "<group>";
		};
		CE2DADC422F7CEAF0037AA55 = {
			isa = PBXGroup;
			children = (
				CE2689CA22FD2BDE0020C532 /* shaders */,
				CE26899422FA637D0020C532 /* scripts */,
				CE2DADFC22F7D6830037AA55 /* icemonkey */,
				CE2DADE122F7D1B40037AA55 /* shared */,
				CE2DADCF22F7CEAF0037AA55 /* icehockey */,
				CE2DADCE22F7CEAF0037AA55 /* Products */,
				CE2DADD922F7D0E50037AA55 /* Frameworks */,
			);
			sourceTree = "<group>";
		};
		CE2DADCE22F7CEAF0037AA55 /* Products */ = {
			isa = PBXGroup;
			children = (
				CE2DADCD22F7CEAF0037AA55 /* icehockey */,
			);
			name = Products;
			sourceTree = "<group>";
		};
		CE2DADCF22F7CEAF0037AA55 /* icehockey */ = {
			isa = PBXGroup;
			children = (
				CE2689D422FD31440020C532 /* glad.c */,
				CE2689CE22FD2C7F0020C532 /* arial.ttf */,
				CE2DADD022F7CEAF0037AA55 /* main.cpp */,
			);
			path = icehockey;
			sourceTree = "<group>";
		};
		CE2DADD922F7D0E50037AA55 /* Frameworks */ = {
			isa = PBXGroup;
			children = (
				CE2DADDD22F7D1010037AA55 /* libGLEW.2.1.0.dylib */,
				CE2DADDC22F7D1010037AA55 /* libglfw.3.3.dylib */,
				CE2DADDA22F7D0E60037AA55 /* OpenGL.framework */,
			);
			name = Frameworks;
			sourceTree = "<group>";
		};
		CE2DADE122F7D1B40037AA55 /* shared */ = {
			isa = PBXGroup;
			children = (
				CE2DADE422F7D1C60037AA55 /* Camera.h */,
				CE2DADE522F7D1C60037AA55 /* common.cpp */,
				CE2DADE322F7D1C60037AA55 /* common.hpp */,
				CE2DADE222F7D1C60037AA55 /* shader_s.h */,
				CE2DADE622F7D1C60037AA55 /* stb_image.h */,
				CE252AD923055CFD002DA851 /* Constants.h */,
			);
			path = shared;
			sourceTree = "<group>";
		};
		CE2DADFC22F7D6830037AA55 /* icemonkey */ = {
			isa = PBXGroup;
			children = (
				CE2DAE0122F7D69F0037AA55 /* away.jpg */,
				CE2DAE0422F7D6A00037AA55 /* hockey.cpp */,
				CE2DAE0222F7D69F0037AA55 /* hockey.hpp */,
				CE2DADFF22F7D69F0037AA55 /* home.jpg */,
				CE2DAE0022F7D69F0037AA55 /* linha.jpg */,
				CE2DADFD22F7D69F0037AA55 /* plain-wallpaper.jpg */,
				CE2DAE0822F7D6A00037AA55 /* Playa.hpp */,
				CE2DAE0522F7D6A00037AA55 /* Reada.h */,
				CE2DAE0B22F7D6A00037AA55 /* rink.png */,
				CE2DAE0722F7D6A00037AA55 /* tiena.jpg */,
			);
			name = icemonkey;
			path = /Users/user/Documents/361/opengl/icehockey/icehockey/icemonkey;
			sourceTree = "<absolute>";
		};
/* End PBXGroup section */

/* Begin PBXNativeTarget section */
		CE2DADCC22F7CEAF0037AA55 /* icehockey */ = {
			isa = PBXNativeTarget;
			buildConfigurationList = CE2DADD422F7CEAF0037AA55 /* Build configuration list for PBXNativeTarget "icehockey" */;
			buildPhases = (
				CE2DADC922F7CEAF0037AA55 /* Sources */,
				CE2DADCA22F7CEAF0037AA55 /* Frameworks */,
				CE2DADCB22F7CEAF0037AA55 /* CopyFiles */,
			);
			buildRules = (
			);
			dependencies = (
			);
			name = icehockey;
			productName = icehockey;
			productReference = CE2DADCD22F7CEAF0037AA55 /* icehockey */;
			productType = "com.apple.product-type.tool";
		};
/* End PBXNativeTarget section */

/* Begin PBXProject section */
		CE2DADC522F7CEAF0037AA55 /* Project object */ = {
			isa = PBXProject;
			attributes = {
				LastUpgradeCheck = 1020;
				ORGANIZATIONNAME = tienv;
				TargetAttributes = {
					CE2DADCC22F7CEAF0037AA55 = {
						CreatedOnToolsVersion = 10.2.1;
					};
				};
			};
			buildConfigurationList = CE2DADC822F7CEAF0037AA55 /* Build configuration list for PBXProject "icehockey" */;
			compatibilityVersion = "Xcode 9.3";
			developmentRegion = en;
			hasScannedForEncodings = 0;
			knownRegions = (
				en,
			);
			mainGroup = CE2DADC422F7CEAF0037AA55;
			productRefGroup = CE2DADCE22F7CEAF0037AA55 /* Products */;
			projectDirPath = "";
			projectRoot = "";
			targets = (
				CE2DADCC22F7CEAF0037AA55 /* icehockey */,
			);
		};
/* End PBXProject section */

/* Begin PBXSourcesBuildPhase section */
		CE2DADC922F7CEAF0037AA55 /* Sources */ = {
			isa = PBXSourcesBuildPhase;
			buildActionMask = 2147483647;
			files = (
				CE252ADB23055FDE002DA851 /* common.cpp in Sources */,
				CE2689D622FD33B10020C532 /* hockey.cpp in Sources */,
				CE2DADD122F7CEAF0037AA55 /* main.cpp in Sources */,
				CE2689D522FD31440020C532 /* glad.c in Sources */,
			);
			runOnlyForDeploymentPostprocessing = 0;
		};
/* End PBXSourcesBuildPhase section */

/* Begin XCBuildConfiguration section */
		CE2DADD222F7CEAF0037AA55 /* Debug */ = {
			isa = XCBuildConfiguration;
			buildSettings = {
				ALWAYS_SEARCH_USER_PATHS = NO;
				CLANG_ANALYZER_NONNULL = YES;
				CLANG_ANALYZER_NUMBER_OBJECT_CONVERSION = YES_AGGRESSIVE;
				CLANG_CXX_LANGUAGE_STANDARD = "gnu++14";
				CLANG_CXX_LIBRARY = "libc++";
				CLANG_ENABLE_MODULES = YES;
				CLANG_ENABLE_OBJC_ARC = YES;
				CLANG_ENABLE_OBJC_WEAK = YES;
				CLANG_WARN_BLOCK_CAPTURE_AUTORELEASING = YES;
				CLANG_WARN_BOOL_CONVERSION = YES;
				CLANG_WARN_COMMA = YES;
				CLANG_WARN_CONSTANT_CONVERSION = YES;
				CLANG_WARN_DEPRECATED_OBJC_IMPLEMENTATIONS = YES;
				CLANG_WARN_DIRECT_OBJC_ISA_USAGE = YES_ERROR;
				CLANG_WARN_DOCUMENTATION_COMMENTS = YES;
				CLANG_WARN_EMPTY_BODY = YES;
				CLANG_WARN_ENUM_CONVERSION = YES;
				CLANG_WARN_INFINITE_RECURSION = YES;
				CLANG_WARN_INT_CONVERSION = YES;
				CLANG_WARN_NON_LITERAL_NULL_CONVERSION = YES;
				CLANG_WARN_OBJC_IMPLICIT_RETAIN_SELF = YES;
				CLANG_WARN_OBJC_LITERAL_CONVERSION = YES;
				CLANG_WARN_OBJC_ROOT_CLASS = YES_ERROR;
				CLANG_WARN_RANGE_LOOP_ANALYSIS = YES;
				CLANG_WARN_STRICT_PROTOTYPES = YES;
				CLANG_WARN_SUSPICIOUS_MOVE = YES;
				CLANG_WARN_UNGUARDED_AVAILABILITY = YES_AGGRESSIVE;
				CLANG_WARN_UNREACHABLE_CODE = YES;
				CLANG_WARN__DUPLICATE_METHOD_MATCH = YES;
				CODE_SIGN_IDENTITY = "-";
				COPY_PHASE_STRIP = NO;
				DEBUG_INFORMATION_FORMAT = dwarf;
				ENABLE_STRICT_OBJC_MSGSEND = YES;
				ENABLE_TESTABILITY = YES;
				GCC_C_LANGUAGE_STANDARD = gnu11;
				GCC_DYNAMIC_NO_PIC = NO;
				GCC_NO_COMMON_BLOCKS = YES;
				GCC_OPTIMIZATION_LEVEL = 0;
				GCC_PREPROCESSOR_DEFINITIONS = (
					"DEBUG=1",
					"$(inherited)",
				);
				GCC_WARN_64_TO_32_BIT_CONVERSION = YES;
				GCC_WARN_ABOUT_RETURN_TYPE = YES_ERROR;
				GCC_WARN_UNDECLARED_SELECTOR = YES;
				GCC_WARN_UNINITIALIZED_AUTOS = YES_AGGRESSIVE;
				GCC_WARN_UNUSED_FUNCTION = YES;
				GCC_WARN_UNUSED_VARIABLE = YES;
				MACOSX_DEPLOYMENT_TARGET = 10.14;
				MTL_ENABLE_DEBUG_INFO = INCLUDE_SOURCE;
				MTL_FAST_MATH = YES;
				ONLY_ACTIVE_ARCH = YES;
				SDKROOT = macosx;
			};
			name = Debug;
		};
		CE2DADD322F7CEAF0037AA55 /* Release */ = {
			isa = XCBuildConfiguration;
			buildSettings = {
				ALWAYS_SEARCH_USER_PATHS = NO;
				CLANG_ANALYZER_NONNULL = YES;
				CLANG_ANALYZER_NUMBER_OBJECT_CONVERSION = YES_AGGRESSIVE;
				CLANG_CXX_LANGUAGE_STANDARD = "gnu++14";
				CLANG_CXX_LIBRARY = "libc++";
				CLANG_ENABLE_MODULES = YES;
				CLANG_ENABLE_OBJC_ARC = YES;
				CLANG_ENABLE_OBJC_WEAK = YES;
				CLANG_WARN_BLOCK_CAPTURE_AUTORELEASING = YES;
				CLANG_WARN_BOOL_CONVERSION = YES;
				CLANG_WARN_COMMA = YES;
				CLANG_WARN_CONSTANT_CONVERSION = YES;
				CLANG_WARN_DEPRECATED_OBJC_IMPLEMENTATIONS = YES;
				CLANG_WARN_DIRECT_OBJC_ISA_USAGE = YES_ERROR;
				CLANG_WARN_DOCUMENTATION_COMMENTS = YES;
				CLANG_WARN_EMPTY_BODY = YES;
				CLANG_WARN_ENUM_CONVERSION = YES;
				CLANG_WARN_INFINITE_RECURSION = YES;
				CLANG_WARN_INT_CONVERSION = YES;
				CLANG_WARN_NON_LITERAL_NULL_CONVERSION = YES;
				CLANG_WARN_OBJC_IMPLICIT_RETAIN_SELF = YES;
				CLANG_WARN_OBJC_LITERAL_CONVERSION = YES;
				CLANG_WARN_OBJC_ROOT_CLASS = YES_ERROR;
				CLANG_WARN_RANGE_LOOP_ANALYSIS = YES;
				CLANG_WARN_STRICT_PROTOTYPES = YES;
				CLANG_WARN_SUSPICIOUS_MOVE = YES;
				CLANG_WARN_UNGUARDED_AVAILABILITY = YES_AGGRESSIVE;
				CLANG_WARN_UNREACHABLE_CODE = YES;
				CLANG_WARN__DUPLICATE_METHOD_MATCH = YES;
				CODE_SIGN_IDENTITY = "-";
				COPY_PHASE_STRIP = NO;
				DEBUG_INFORMATION_FORMAT = "dwarf-with-dsym";
				ENABLE_NS_ASSERTIONS = NO;
				ENABLE_STRICT_OBJC_MSGSEND = YES;
				GCC_C_LANGUAGE_STANDARD = gnu11;
				GCC_NO_COMMON_BLOCKS = YES;
				GCC_WARN_64_TO_32_BIT_CONVERSION = YES;
				GCC_WARN_ABOUT_RETURN_TYPE = YES_ERROR;
				GCC_WARN_UNDECLARED_SELECTOR = YES;
				GCC_WARN_UNINITIALIZED_AUTOS = YES_AGGRESSIVE;
				GCC_WARN_UNUSED_FUNCTION = YES;
				GCC_WARN_UNUSED_VARIABLE = YES;
				MACOSX_DEPLOYMENT_TARGET = 10.14;
				MTL_ENABLE_DEBUG_INFO = NO;
				MTL_FAST_MATH = YES;
				SDKROOT = macosx;
			};
			name = Release;
		};
		CE2DADD522F7CEAF0037AA55 /* Debug */ = {
			isa = XCBuildConfiguration;
			buildSettings = {
				CODE_SIGN_STYLE = Automatic;
				HEADER_SEARCH_PATHS = (
					/usr/local/include,
					/usr/local/boost_1_68_0,
				);
				LIBRARY_SEARCH_PATHS = /usr/local/lib;
				OTHER_LDFLAGS = (
					"-lfreetyped",
					"-lbz2",
					"-lz",
				);
				PRODUCT_NAME = "$(TARGET_NAME)";
			};
			name = Debug;
		};
		CE2DADD622F7CEAF0037AA55 /* Release */ = {
			isa = XCBuildConfiguration;
			buildSettings = {
				CODE_SIGN_STYLE = Automatic;
				HEADER_SEARCH_PATHS = (
					/usr/local/include,
					/usr/local/boost_1_68_0,
				);
				LIBRARY_SEARCH_PATHS = /usr/local/lib;
				OTHER_LDFLAGS = (
					"-lfreetyped",
					"-lbz2",
					"-lz",
				);
				PRODUCT_NAME = "$(TARGET_NAME)";
			};
			name = Release;
		};
/* End XCBuildConfiguration section */

/* Begin XCConfigurationList section */
		CE2DADC822F7CEAF0037AA55 /* Build configuration list for PBXProject "icehockey" */ = {
			isa = XCConfigurationList;
			buildConfigurations = (
				CE2DADD222F7CEAF0037AA55 /* Debug */,
				CE2DADD322F7CEAF0037AA55 /* Release */,
			);
			defaultConfigurationIsVisible = 0;
			defaultConfigurationName = Release;
		};
		CE2DADD422F7CEAF0037AA55 /* Build configuration list for PBXNativeTarget "icehockey" */ = {
			isa = XCConfigurationList;
			buildConfigurations = (
				CE2DADD522F7CEAF0037AA55 /* Debug */,
				CE2DADD622F7CEAF0037AA55 /* Release */,
			);
			defaultConfigurationIsVisible = 0;
			defaultConfigurationName = Release;
		};
/* End XCConfigurationList section */
	};
	rootObject = CE2DADC522F7CEAF0037AA55 /* Project object */;
}
